// !$*UTF8*$!
{
	archiveVersion = 1;
	classes = {
	};
	objectVersion = 46;
	objects = {

/* Begin PBXBuildFile section */
		43915E5F19F7296900542647 /* main.m in Sources */ = {isa = PBXBuildFile; fileRef = 43915E5E19F7296900542647 /* main.m */; };
		43915E6219F7296900542647 /* AppDelegate.m in Sources */ = {isa = PBXBuildFile; fileRef = 43915E6119F7296900542647 /* AppDelegate.m */; };
		43915E6A19F7296900542647 /* Images.xcassets in Resources */ = {isa = PBXBuildFile; fileRef = 43915E6919F7296900542647 /* Images.xcassets */; };
		43915E7919F7296A00542647 /* MealGlycemicCalculatorTests.m in Sources */ = {isa = PBXBuildFile; fileRef = 43915E7819F7296A00542647 /* MealGlycemicCalculatorTests.m */; };
		43915E8319F729D700542647 /* Default-568h@2x.png in Resources */ = {isa = PBXBuildFile; fileRef = 43915E8219F729D700542647 /* Default-568h@2x.png */; };
		43915E8619F72A1400542647 /* BreakfastViewController.m in Sources */ = {isa = PBXBuildFile; fileRef = 43915E8519F72A1400542647 /* BreakfastViewController.m */; };
		43915E8919F72A2800542647 /* LunchViewController.m in Sources */ = {isa = PBXBuildFile; fileRef = 43915E8819F72A2800542647 /* LunchViewController.m */; };
		43915E8C19F730AE00542647 /* DinnerViewController.m in Sources */ = {isa = PBXBuildFile; fileRef = 43915E8B19F730AE00542647 /* DinnerViewController.m */; };
/* End PBXBuildFile section */

/* Begin PBXContainerItemProxy section */
		43915E7319F7296A00542647 /* PBXContainerItemProxy */ = {
			isa = PBXContainerItemProxy;
			containerPortal = 43915E5119F7296900542647 /* Project object */;
			proxyType = 1;
			remoteGlobalIDString = 43915E5819F7296900542647;
			remoteInfo = MealGlycemicCalculator;
		};
/* End PBXContainerItemProxy section */

/* Begin PBXFileReference section */
		43915E5919F7296900542647 /* MealGlycemicCalculator.app */ = {isa = PBXFileReference; explicitFileType = wrapper.application; includeInIndex = 0; path = MealGlycemicCalculator.app; sourceTree = BUILT_PRODUCTS_DIR; };
		43915E5D19F7296900542647 /* Info.plist */ = {isa = PBXFileReference; lastKnownFileType = text.plist.xml; path = Info.plist; sourceTree = "<group>"; };
		43915E5E19F7296900542647 /* main.m */ = {isa = PBXFileReference; lastKnownFileType = sourcecode.c.objc; path = main.m; sourceTree = "<group>"; };
		43915E6019F7296900542647 /* AppDelegate.h */ = {isa = PBXFileReference; lastKnownFileType = sourcecode.c.h; path = AppDelegate.h; sourceTree = "<group>"; };
		43915E6119F7296900542647 /* AppDelegate.m */ = {isa = PBXFileReference; lastKnownFileType = sourcecode.c.objc; path = AppDelegate.m; sourceTree = "<group>"; };
		43915E6919F7296900542647 /* Images.xcassets */ = {isa = PBXFileReference; lastKnownFileType = folder.assetcatalog; path = Images.xcassets; sourceTree = "<group>"; };
		43915E7219F7296A00542647 /* MealGlycemicCalculatorTests.xctest */ = {isa = PBXFileReference; explicitFileType = wrapper.cfbundle; includeInIndex = 0; path = MealGlycemicCalculatorTests.xctest; sourceTree = BUILT_PRODUCTS_DIR; };
		43915E7719F7296A00542647 /* Info.plist */ = {isa = PBXFileReference; lastKnownFileType = text.plist.xml; path = Info.plist; sourceTree = "<group>"; };
		43915E7819F7296A00542647 /* MealGlycemicCalculatorTests.m */ = {isa = PBXFileReference; lastKnownFileType = sourcecode.c.objc; path = MealGlycemicCalculatorTests.m; sourceTree = "<group>"; };
		43915E8219F729D700542647 /* Default-568h@2x.png */ = {isa = PBXFileReference; lastKnownFileType = image.png; path = "Default-568h@2x.png"; sourceTree = "<group>"; };
		43915E8419F72A1400542647 /* BreakfastViewController.h */ = {isa = PBXFileReference; fileEncoding = 4; lastKnownFileType = sourcecode.c.h; path = BreakfastViewController.h; sourceTree = "<group>"; };
		43915E8519F72A1400542647 /* BreakfastViewController.m */ = {isa = PBXFileReference; fileEncoding = 4; lastKnownFileType = sourcecode.c.objc; path = BreakfastViewController.m; sourceTree = "<group>"; };
		43915E8719F72A2800542647 /* LunchViewController.h */ = {isa = PBXFileReference; fileEncoding = 4; lastKnownFileType = sourcecode.c.h; path = LunchViewController.h; sourceTree = "<group>"; };
		43915E8819F72A2800542647 /* LunchViewController.m */ = {isa = PBXFileReference; fileEncoding = 4; lastKnownFileType = sourcecode.c.objc; path = LunchViewController.m; sourceTree = "<group>"; };
		43915E8A19F730AE00542647 /* DinnerViewController.h */ = {isa = PBXFileReference; fileEncoding = 4; lastKnownFileType = sourcecode.c.h; path = DinnerViewController.h; sourceTree = "<group>"; };
		43915E8B19F730AE00542647 /* DinnerViewController.m */ = {isa = PBXFileReference; fileEncoding = 4; lastKnownFileType = sourcecode.c.objc; path = DinnerViewController.m; sourceTree = "<group>"; };
/* End PBXFileReference section */

/* Begin PBXFrameworksBuildPhase section */
		43915E5619F7296900542647 /* Frameworks */ = {
			isa = PBXFrameworksBuildPhase;
			buildActionMask = 2147483647;
			files = (
			);
			runOnlyForDeploymentPostprocessing = 0;
		};
		43915E6F19F7296A00542647 /* Frameworks */ = {
			isa = PBXFrameworksBuildPhase;
			buildActionMask = 2147483647;
			files = (
			);
			runOnlyForDeploymentPostprocessing = 0;
		};
/* End PBXFrameworksBuildPhase section */

/* Begin PBXGroup section */
		43915E5019F7296900542647 = {
			isa = PBXGroup;
			children = (
				43915E8219F729D700542647 /* Default-568h@2x.png */,
				43915E5B19F7296900542647 /* MealGlycemicCalculator */,
				43915E7519F7296A00542647 /* MealGlycemicCalculatorTests */,
				43915E5A19F7296900542647 /* Products */,
			);
			sourceTree = "<group>";
		};
		43915E5A19F7296900542647 /* Products */ = {
			isa = PBXGroup;
			children = (
				43915E5919F7296900542647 /* MealGlycemicCalculator.app */,
				43915E7219F7296A00542647 /* MealGlycemicCalculatorTests.xctest */,
			);
			name = Products;
			sourceTree = "<group>";
		};
		43915E5B19F7296900542647 /* MealGlycemicCalculator */ = {
			isa = PBXGroup;
			children = (
				43915E6019F7296900542647 /* AppDelegate.h */,
				43915E6119F7296900542647 /* AppDelegate.m */,
				43915E8419F72A1400542647 /* BreakfastViewController.h */,
				43915E8519F72A1400542647 /* BreakfastViewController.m */,
				43915E8719F72A2800542647 /* LunchViewController.h */,
				43915E8819F72A2800542647 /* LunchViewController.m */,
				43915E8A19F730AE00542647 /* DinnerViewController.h */,
				43915E8B19F730AE00542647 /* DinnerViewController.m */,
				43915E6919F7296900542647 /* Images.xcassets */,
				43915E5C19F7296900542647 /* Supporting Files */,
			);
			path = MealGlycemicCalculator;
			sourceTree = "<group>";
		};
		43915E5C19F7296900542647 /* Supporting Files */ = {
			isa = PBXGroup;
			children = (
				43915E5D19F7296900542647 /* Info.plist */,
				43915E5E19F7296900542647 /* main.m */,
			);
			name = "Supporting Files";
			sourceTree = "<group>";
		};
		43915E7519F7296A00542647 /* MealGlycemicCalculatorTests */ = {
			isa = PBXGroup;
			children = (
				43915E7819F7296A00542647 /* MealGlycemicCalculatorTests.m */,
				43915E7619F7296A00542647 /* Supporting Files */,
			);
			path = MealGlycemicCalculatorTests;
			sourceTree = "<group>";
		};
		43915E7619F7296A00542647 /* Supporting Files */ = {
			isa = PBXGroup;
			children = (
				43915E7719F7296A00542647 /* Info.plist */,
			);
			name = "Supporting Files";
			sourceTree = "<group>";
		};
/* End PBXGroup section */

/* Begin PBXNativeTarget section */
		43915E5819F7296900542647 /* MealGlycemicCalculator */ = {
			isa = PBXNativeTarget;
			buildConfigurationList = 43915E7C19F7296A00542647 /* Build configuration list for PBXNativeTarget "MealGlycemicCalculator" */;
			buildPhases = (
				43915E5519F7296900542647 /* Sources */,
				43915E5619F7296900542647 /* Frameworks */,
				43915E5719F7296900542647 /* Resources */,
			);
			buildRules = (
			);
			dependencies = (
			);
			name = MealGlycemicCalculator;
			productName = MealGlycemicCalculator;
			productReference = 43915E5919F7296900542647 /* MealGlycemicCalculator.app */;
			productType = "com.apple.product-type.application";
		};
		43915E7119F7296A00542647 /* MealGlycemicCalculatorTests */ = {
			isa = PBXNativeTarget;
			buildConfigurationList = 43915E7F19F7296A00542647 /* Build configuration list for PBXNativeTarget "MealGlycemicCalculatorTests" */;
			buildPhases = (
				43915E6E19F7296A00542647 /* Sources */,
				43915E6F19F7296A00542647 /* Frameworks */,
				43915E7019F7296A00542647 /* Resources */,
			);
			buildRules = (
			);
			dependencies = (
				43915E7419F7296A00542647 /* PBXTargetDependency */,
			);
			name = MealGlycemicCalculatorTests;
			productName = MealGlycemicCalculatorTests;
			productReference = 43915E7219F7296A00542647 /* MealGlycemicCalculatorTests.xctest */;
			productType = "com.apple.product-type.bundle.unit-test";
		};
/* End PBXNativeTarget section */

/* Begin PBXProject section */
		43915E5119F7296900542647 /* Project object */ = {
			isa = PBXProject;
			attributes = {
				LastUpgradeCheck = 0600;
				ORGANIZATIONNAME = "Black Rail Capital";
				TargetAttributes = {
					43915E5819F7296900542647 = {
						CreatedOnToolsVersion = 6.0.1;
					};
					43915E7119F7296A00542647 = {
						CreatedOnToolsVersion = 6.0.1;
						TestTargetID = 43915E5819F7296900542647;
					};
				};
			};
			buildConfigurationList = 43915E5419F7296900542647 /* Build configuration list for PBXProject "MealGlycemicCalculator" */;
			compatibilityVersion = "Xcode 3.2";
			developmentRegion = English;
			hasScannedForEncodings = 0;
			knownRegions = (
				en,
				Base,
			);
			mainGroup = 43915E5019F7296900542647;
			productRefGroup = 43915E5A19F7296900542647 /* Products */;
			projectDirPath = "";
			projectRoot = "";
			targets = (
				43915E5819F7296900542647 /* MealGlycemicCalculator */,
				43915E7119F7296A00542647 /* MealGlycemicCalculatorTests */,
			);
		};
/* End PBXProject section */

/* Begin PBXResourcesBuildPhase section */
		43915E5719F7296900542647 /* Resources */ = {
			isa = PBXResourcesBuildPhase;
			buildActionMask = 2147483647;
			files = (
				43915E6A19F7296900542647 /* Images.xcassets in Resources */,
				43915E8319F729D700542647 /* Default-568h@2x.png in Resources */,
			);
			runOnlyForDeploymentPostprocessing = 0;
		};
		43915E7019F7296A00542647 /* Resources */ = {
			isa = PBXResourcesBuildPhase;
			buildActionMask = 2147483647;
			files = (
			);
			runOnlyForDeploymentPostprocessing = 0;
		};
/* End PBXResourcesBuildPhase section */

/* Begin PBXSourcesBuildPhase section */
		43915E5519F7296900542647 /* Sources */ = {
			isa = PBXSourcesBuildPhase;
			buildActionMask = 2147483647;
			files = (
				43915E8619F72A1400542647 /* BreakfastViewController.m in Sources */,
				43915E8919F72A2800542647 /* LunchViewController.m in Sources */,
				43915E8C19F730AE00542647 /* DinnerViewController.m in Sources */,
				43915E6219F7296900542647 /* AppDelegate.m in Sources */,
				43915E5F19F7296900542647 /* main.m in Sources */,
			);
			runOnlyForDeploymentPostprocessing = 0;
		};
		43915E6E19F7296A00542647 /* Sources */ = {
			isa = PBXSourcesBuildPhase;
			buildActionMask = 2147483647;
			files = (
				43915E7919F7296A00542647 /* MealGlycemicCalculatorTests.m in Sources */,
			);
			runOnlyForDeploymentPostprocessing = 0;
		};
/* End PBXSourcesBuildPhase section */

/* Begin PBXTargetDependency section */
		43915E7419F7296A00542647 /* PBXTargetDependency */ = {
			isa = PBXTargetDependency;
			target = 43915E5819F7296900542647 /* MealGlycemicCalculator */;
			targetProxy = 43915E7319F7296A00542647 /* PBXContainerItemProxy */;
		};
/* End PBXTargetDependency section */

/* Begin XCBuildConfiguration section */
		43915E7A19F7296A00542647 /* Debug */ = {
			isa = XCBuildConfiguration;
			buildSettings = {
				ALWAYS_SEARCH_USER_PATHS = NO;
				CLANG_CXX_LANGUAGE_STANDARD = "gnu++0x";
				CLANG_CXX_LIBRARY = "libc++";
				CLANG_ENABLE_MODULES = YES;
				CLANG_ENABLE_OBJC_ARC = YES;
				CLANG_WARN_BOOL_CONVERSION = YES;
				CLANG_WARN_CONSTANT_CONVERSION = YES;
				CLANG_WARN_DIRECT_OBJC_ISA_USAGE = YES_ERROR;
				CLANG_WARN_EMPTY_BODY = YES;
				CLANG_WARN_ENUM_CONVERSION = YES;
				CLANG_WARN_INT_CONVERSION = YES;
				CLANG_WARN_OBJC_ROOT_CLASS = YES_ERROR;
				CLANG_WARN_UNREACHABLE_CODE = YES;
				CLANG_WARN__DUPLICATE_METHOD_MATCH = YES;
				"CODE_SIGN_IDENTITY[sdk=iphoneos*]" = "iPhone Developer";
				COPY_PHASE_STRIP = NO;
				ENABLE_STRICT_OBJC_MSGSEND = YES;
				GCC_C_LANGUAGE_STANDARD = gnu99;
				GCC_DYNAMIC_NO_PIC = NO;
				GCC_OPTIMIZATION_LEVEL = 0;
				GCC_PREPROCESSOR_DEFINITIONS = (
					"DEBUG=1",
					"$(inherited)",
				);
				GCC_SYMBOLS_PRIVATE_EXTERN = NO;
				GCC_WARN_64_TO_32_BIT_CONVERSION = YES;
				GCC_WARN_ABOUT_RETURN_TYPE = YES_ERROR;
				GCC_WARN_UNDECLARED_SELECTOR = YES;
				GCC_WARN_UNINITIALIZED_AUTOS = YES_AGGRESSIVE;
				GCC_WARN_UNUSED_FUNCTION = YES;
				GCC_WARN_UNUSED_VARIABLE = YES;
				IPHONEOS_DEPLOYMENT_TARGET = 8.0;
				MTL_ENABLE_DEBUG_INFO = YES;
				ONLY_ACTIVE_ARCH = YES;
				SDKROOT = iphoneos;
			};
			name = Debug;
		};
		43915E7B19F7296A00542647 /* Release */ = {
			isa = XCBuildConfiguration;
			buildSettings = {
				ALWAYS_SEARCH_USER_PATHS = NO;
				CLANG_CXX_LANGUAGE_STANDARD = "gnu++0x";
				CLANG_CXX_LIBRARY = "libc++";
				CLANG_ENABLE_MODULES = YES;
				CLANG_ENABLE_OBJC_ARC = YES;
				CLANG_WARN_BOOL_CONVERSION = YES;
				CLANG_WARN_CONSTANT_CONVERSION = YES;
				CLANG_WARN_DIRECT_OBJC_ISA_USAGE = YES_ERROR;
				CLANG_WARN_EMPTY_BODY = YES;
				CLANG_WARN_ENUM_CONVERSION = YES;
				CLANG_WARN_INT_CONVERSION = YES;
				CLANG_WARN_OBJC_ROOT_CLASS = YES_ERROR;
				CLANG_WARN_UNREACHABLE_CODE = YES;
				CLANG_WARN__DUPLICATE_METHOD_MATCH = YES;
				"CODE_SIGN_IDENTITY[sdk=iphoneos*]" = "iPhone Developer";
				COPY_PHASE_STRIP = YES;
				ENABLE_NS_ASSERTIONS = NO;
				ENABLE_STRICT_OBJC_MSGSEND = YES;
				GCC_C_LANGUAGE_STANDARD = gnu99;
				GCC_WARN_64_TO_32_BIT_CONVERSION = YES;
				GCC_WARN_ABOUT_RETURN_TYPE = YES_ERROR;
				GCC_WARN_UNDECLARED_SELECTOR = YES;
				GCC_WARN_UNINITIALIZED_AUTOS = YES_AGGRESSIVE;
				GCC_WARN_UNUSED_FUNCTION = YES;
				GCC_WARN_UNUSED_VARIABLE = YES;
				IPHONEOS_DEPLOYMENT_TARGET = 8.0;
				MTL_ENABLE_DEBUG_INFO = NO;
				SDKROOT = iphoneos;
				VALIDATE_PRODUCT = YES;
			};
			name = Release;
		};
		43915E7D19F7296A00542647 /* Debug */ = {
			isa = XCBuildConfiguration;
			buildSettings = {
				ASSETCATALOG_COMPILER_APPICON_NAME = AppIcon;
				INFOPLIST_FILE = MealGlycemicCalculator/Info.plist;
				LD_RUNPATH_SEARCH_PATHS = "$(inherited) @executable_path/Frameworks";
				PRODUCT_NAME = "$(TARGET_NAME)";
			};
			name = Debug;
		};
		43915E7E19F7296A00542647 /* Release */ = {
			isa = XCBuildConfiguration;
			buildSettings = {
				ASSETCATALOG_COMPILER_APPICON_NAME = AppIcon;
				INFOPLIST_FILE = MealGlycemicCalculator/Info.plist;
				LD_RUNPATH_SEARCH_PATHS = "$(inherited) @executable_path/Frameworks";
				PRODUCT_NAME = "$(TARGET_NAME)";
			};
			name = Release;
		};
		43915E8019F7296A00542647 /* Debug */ = {
			isa = XCBuildConfiguration;
			buildSettings = {
				BUNDLE_LOADER = "$(TEST_HOST)";
				FRAMEWORK_SEARCH_PATHS = (
					"$(SDKROOT)/Developer/Library/Frameworks",
					"$(inherited)",
				);
				GCC_PREPROCESSOR_DEFINITIONS = (
					"DEBUG=1",
					"$(inherited)",
				);
				INFOPLIST_FILE = MealGlycemicCalculatorTests/Info.plist;
				LD_RUNPATH_SEARCH_PATHS = "$(inherited) @executable_path/Frameworks @loader_path/Frameworks";
				PRODUCT_NAME = "$(TARGET_NAME)";
				TEST_HOST = "$(BUILT_PRODUCTS_DIR)/MealGlycemicCalculator.app/MealGlycemicCalculator";
			};
			name = Debug;
		};
		43915E8119F7296A00542647 /* Release */ = {
			isa = XCBuildConfiguration;
			buildSettings = {
				BUNDLE_LOADER = "$(TEST_HOST)";
				FRAMEWORK_SEARCH_PATHS = (
					"$(SDKROOT)/Developer/Library/Frameworks",
					"$(inherited)",
				);
				INFOPLIST_FILE = MealGlycemicCalculatorTests/Info.plist;
				LD_RUNPATH_SEARCH_PATHS = "$(inherited) @executable_path/Frameworks @loader_path/Frameworks";
				PRODUCT_NAME = "$(TARGET_NAME)";
				TEST_HOST = "$(BUILT_PRODUCTS_DIR)/MealGlycemicCalculator.app/MealGlycemicCalculator";
			};
			name = Release;
		};
/* End XCBuildConfiguration section */

/* Begin XCConfigurationList section */
		43915E5419F7296900542647 /* Build configuration list for PBXProject "MealGlycemicCalculator" */ = {
			isa = XCConfigurationList;
			buildConfigurations = (
				43915E7A19F7296A00542647 /* Debug */,
				43915E7B19F7296A00542647 /* Release */,
			);
			defaultConfigurationIsVisible = 0;
			defaultConfigurationName = Release;
		};
		43915E7C19F7296A00542647 /* Build configuration list for PBXNativeTarget "MealGlycemicCalculator" */ = {
			isa = XCConfigurationList;
			buildConfigurations = (
				43915E7D19F7296A00542647 /* Debug */,
				43915E7E19F7296A00542647 /* Release */,
			);
			defaultConfigurationIsVisible = 0;
		};
		43915E7F19F7296A00542647 /* Build configuration list for PBXNativeTarget "MealGlycemicCalculatorTests" */ = {
			isa = XCConfigurationList;
			buildConfigurations = (
				43915E8019F7296A00542647 /* Debug */,
				43915E8119F7296A00542647 /* Release */,
			);
			defaultConfigurationIsVisible = 0;
		};
/* End XCConfigurationList section */
	};
	rootObject = 43915E5119F7296900542647 /* Project object */;
}
